
Microsoft Visual Studio Solution File, Format Version 12.00
# Visual Studio Version 16
VisualStudioVersion = 16.0.30523.141
MinimumVisualStudioVersion = 10.0.40219.1
Project("{FAE04EC0-301F-11D3-BF4B-00C04F79EFBC}") = "BranchingProject", "BranchingProject\BranchingProject.csproj", "{C54252C7-4130-461F-891C-47249665F6E5}"
EndProject
Global
	GlobalSection(SolutionConfigurationPlatforms) = preSolution
		Debug|Any CPU = Debug|Any CPU
		Release|Any CPU = Release|Any CPU
	EndGlobalSection
	GlobalSection(ProjectConfigurationPlatforms) = postSolution
		{C54252C7-4130-461F-891C-47249665F6E5}.Debug|Any CPU.ActiveCfg = Debug|Any CPU
		{C54252C7-4130-461F-891C-47249665F6E5}.Debug|Any CPU.Build.0 = Debug|Any CPU
		{C54252C7-4130-461F-891C-47249665F6E5}.Release|Any CPU.ActiveCfg = Release|Any CPU
		{C54252C7-4130-461F-891C-47249665F6E5}.Release|Any CPU.Build.0 = Release|Any CPU
	EndGlobalSection
	GlobalSection(SolutionProperties) = preSolution
		HideSolutionNode = FALSE
	EndGlobalSection
	GlobalSection(ExtensibilityGlobals) = postSolution
		SolutionGuid = {9C39EE15-805E-44E0-87D5-0B5789D29DF1}
	EndGlobalSection
EndGlobal
